// !$*UTF8*$!
{
	archiveVersion = 1;
	classes = {
	};
	objectVersion = 56;
	objects = {

/* Begin PBXBuildFile section */
		D419D3CF29BE63940064E89E /* Tabs.swift in Sources */ = {isa = PBXBuildFile; fileRef = D419D3CE29BE63940064E89E /* Tabs.swift */; };
		D42FFEC729ADC06C009AB54D /* SolarGramApp.swift in Sources */ = {isa = PBXBuildFile; fileRef = D42FFEC629ADC06C009AB54D /* SolarGramApp.swift */; };
		D42FFECB29ADC06E009AB54D /* Assets.xcassets in Resources */ = {isa = PBXBuildFile; fileRef = D42FFECA29ADC06E009AB54D /* Assets.xcassets */; };
		D42FFECE29ADC06E009AB54D /* Preview Assets.xcassets in Resources */ = {isa = PBXBuildFile; fileRef = D42FFECD29ADC06E009AB54D /* Preview Assets.xcassets */; };
		D42FFED529B40F0F009AB54D /* ImageCropped.swift in Sources */ = {isa = PBXBuildFile; fileRef = D42FFED429B40F0F009AB54D /* ImageCropped.swift */; };
		D42FFEDB29B41B61009AB54D /* ProfileCropped.swift in Sources */ = {isa = PBXBuildFile; fileRef = D42FFEDA29B41B61009AB54D /* ProfileCropped.swift */; };
		D42FFEDD29B41E8D009AB54D /* Profile.swift in Sources */ = {isa = PBXBuildFile; fileRef = D42FFEDC29B41E8D009AB54D /* Profile.swift */; };
		D42FFEDF29B42146009AB54D /* ProfileGrid.swift in Sources */ = {isa = PBXBuildFile; fileRef = D42FFEDE29B42146009AB54D /* ProfileGrid.swift */; };
		D42FFEE129B43F9F009AB54D /* Post.swift in Sources */ = {isa = PBXBuildFile; fileRef = D42FFEE029B43F9F009AB54D /* Post.swift */; };
		D42FFEE529B44C19009AB54D /* Feed.swift in Sources */ = {isa = PBXBuildFile; fileRef = D42FFEE429B44C19009AB54D /* Feed.swift */; };
/* End PBXBuildFile section */

/* Begin PBXFileReference section */
		D419D3CE29BE63940064E89E /* Tabs.swift */ = {isa = PBXFileReference; lastKnownFileType = sourcecode.swift; path = Tabs.swift; sourceTree = "<group>"; };
		D42FFEC329ADC06C009AB54D /* SolarGram.app */ = {isa = PBXFileReference; explicitFileType = wrapper.application; includeInIndex = 0; path = SolarGram.app; sourceTree = BUILT_PRODUCTS_DIR; };
		D42FFEC629ADC06C009AB54D /* SolarGramApp.swift */ = {isa = PBXFileReference; lastKnownFileType = sourcecode.swift; path = SolarGramApp.swift; sourceTree = "<group>"; };
		D42FFECA29ADC06E009AB54D /* Assets.xcassets */ = {isa = PBXFileReference; lastKnownFileType = folder.assetcatalog; path = Assets.xcassets; sourceTree = "<group>"; };
		D42FFECD29ADC06E009AB54D /* Preview Assets.xcassets */ = {isa = PBXFileReference; lastKnownFileType = folder.assetcatalog; path = "Preview Assets.xcassets"; sourceTree = "<group>"; };
		D42FFED429B40F0F009AB54D /* ImageCropped.swift */ = {isa = PBXFileReference; lastKnownFileType = sourcecode.swift; path = ImageCropped.swift; sourceTree = "<group>"; };
		D42FFEDA29B41B61009AB54D /* ProfileCropped.swift */ = {isa = PBXFileReference; lastKnownFileType = sourcecode.swift; path = ProfileCropped.swift; sourceTree = "<group>"; };
		D42FFEDC29B41E8D009AB54D /* Profile.swift */ = {isa = PBXFileReference; lastKnownFileType = sourcecode.swift; path = Profile.swift; sourceTree = "<group>"; };
		D42FFEDE29B42146009AB54D /* ProfileGrid.swift */ = {isa = PBXFileReference; lastKnownFileType = sourcecode.swift; path = ProfileGrid.swift; sourceTree = "<group>"; };
		D42FFEE029B43F9F009AB54D /* Post.swift */ = {isa = PBXFileReference; lastKnownFileType = sourcecode.swift; path = Post.swift; sourceTree = "<group>"; };
		D42FFEE429B44C19009AB54D /* Feed.swift */ = {isa = PBXFileReference; lastKnownFileType = sourcecode.swift; path = Feed.swift; sourceTree = "<group>"; };
/* End PBXFileReference section */

/* Begin PBXFrameworksBuildPhase section */
		D42FFEC029ADC06C009AB54D /* Frameworks */ = {
			isa = PBXFrameworksBuildPhase;
			buildActionMask = 2147483647;
			files = (
			);
			runOnlyForDeploymentPostprocessing = 0;
		};
/* End PBXFrameworksBuildPhase section */

/* Begin PBXGroup section */
		D42FFEBA29ADC06C009AB54D = {
			isa = PBXGroup;
			children = (
				D42FFEC529ADC06C009AB54D /* SolarGram */,
				D42FFEC429ADC06C009AB54D /* Products */,
			);
			sourceTree = "<group>";
		};
		D42FFEC429ADC06C009AB54D /* Products */ = {
			isa = PBXGroup;
			children = (
				D42FFEC329ADC06C009AB54D /* SolarGram.app */,
			);
			name = Products;
			sourceTree = "<group>";
		};
		D42FFEC529ADC06C009AB54D /* SolarGram */ = {
			isa = PBXGroup;
			children = (
				D42FFEC629ADC06C009AB54D /* SolarGramApp.swift */,
				D42FFEE729B44EA6009AB54D /* Important Stuff */,
				D42FFEE829B44F1A009AB54D /* Secret Sauce */,
				D42FFECA29ADC06E009AB54D /* Assets.xcassets */,
				D42FFECC29ADC06E009AB54D /* Preview Content */,
			);
			path = SolarGram;
			sourceTree = "<group>";
		};
		D42FFECC29ADC06E009AB54D /* Preview Content */ = {
			isa = PBXGroup;
			children = (
				D42FFECD29ADC06E009AB54D /* Preview Assets.xcassets */,
			);
			path = "Preview Content";
			sourceTree = "<group>";
		};
		D42FFEE729B44EA6009AB54D /* Important Stuff */ = {
			isa = PBXGroup;
			children = (
				D42FFEDC29B41E8D009AB54D /* Profile.swift */,
				D42FFEE429B44C19009AB54D /* Feed.swift */,
			);
			path = "Important Stuff";
			sourceTree = "<group>";
		};
		D42FFEE829B44F1A009AB54D /* Secret Sauce */ = {
			isa = PBXGroup;
			children = (
				D419D3CE29BE63940064E89E /* Tabs.swift */,
				D42FFED429B40F0F009AB54D /* ImageCropped.swift */,
				D42FFEDA29B41B61009AB54D /* ProfileCropped.swift */,
				D42FFEDE29B42146009AB54D /* ProfileGrid.swift */,
				D42FFEE029B43F9F009AB54D /* Post.swift */,
			);
			path = "Secret Sauce";
			sourceTree = "<group>";
		};
/* End PBXGroup section */

/* Begin PBXNativeTarget section */
		D42FFEC229ADC06C009AB54D /* SolarGram */ = {
			isa = PBXNativeTarget;
			buildConfigurationList = D42FFED129ADC06E009AB54D /* Build configuration list for PBXNativeTarget "SolarGram" */;
			buildPhases = (
				D42FFEBF29ADC06C009AB54D /* Sources */,
				D42FFEC029ADC06C009AB54D /* Frameworks */,
				D42FFEC129ADC06C009AB54D /* Resources */,
			);
			buildRules = (
			);
			dependencies = (
			);
			name = SolarGram;
			productName = SolarGram;
			productReference = D42FFEC329ADC06C009AB54D /* SolarGram.app */;
			productType = "com.apple.product-type.application";
		};
/* End PBXNativeTarget section */

/* Begin PBXProject section */
		D42FFEBB29ADC06C009AB54D /* Project object */ = {
			isa = PBXProject;
			attributes = {
				BuildIndependentTargetsInParallel = 1;
				LastSwiftUpdateCheck = 1420;
				LastUpgradeCheck = 1420;
				TargetAttributes = {
					D42FFEC229ADC06C009AB54D = {
						CreatedOnToolsVersion = 14.2;
					};
				};
			};
			buildConfigurationList = D42FFEBE29ADC06C009AB54D /* Build configuration list for PBXProject "SolarGram" */;
			compatibilityVersion = "Xcode 14.0";
			developmentRegion = en;
			hasScannedForEncodings = 0;
			knownRegions = (
				en,
				Base,
			);
			mainGroup = D42FFEBA29ADC06C009AB54D;
			productRefGroup = D42FFEC429ADC06C009AB54D /* Products */;
			projectDirPath = "";
			projectRoot = "";
			targets = (
				D42FFEC229ADC06C009AB54D /* SolarGram */,
			);
		};
/* End PBXProject section */

/* Begin PBXResourcesBuildPhase section */
		D42FFEC129ADC06C009AB54D /* Resources */ = {
			isa = PBXResourcesBuildPhase;
			buildActionMask = 2147483647;
			files = (
				D42FFECE29ADC06E009AB54D /* Preview Assets.xcassets in Resources */,
				D42FFECB29ADC06E009AB54D /* Assets.xcassets in Resources */,
			);
			runOnlyForDeploymentPostprocessing = 0;
		};
/* End PBXResourcesBuildPhase section */

/* Begin PBXSourcesBuildPhase section */
		D42FFEBF29ADC06C009AB54D /* Sources */ = {
			isa = PBXSourcesBuildPhase;
			buildActionMask = 2147483647;
			files = (
				D42FFED529B40F0F009AB54D /* ImageCropped.swift in Sources */,
				D42FFEDD29B41E8D009AB54D /* Profile.swift in Sources */,
				D42FFEDB29B41B61009AB54D /* ProfileCropped.swift in Sources */,
				D42FFEE529B44C19009AB54D /* Feed.swift in Sources */,
				D42FFEE129B43F9F009AB54D /* Post.swift in Sources */,
				D42FFEDF29B42146009AB54D /* ProfileGrid.swift in Sources */,
				D42FFEC729ADC06C009AB54D /* SolarGramApp.swift in Sources */,
				D419D3CF29BE63940064E89E /* Tabs.swift in Sources */,
			);
			runOnlyForDeploymentPostprocessing = 0;
		};
/* End PBXSourcesBuildPhase section */

/* Begin XCBuildConfiguration section */
		D42FFECF29ADC06E009AB54D /* Debug */ = {
			isa = XCBuildConfiguration;
			buildSettings = {
				ALWAYS_SEARCH_USER_PATHS = NO;
				CLANG_ANALYZER_NONNULL = YES;
				CLANG_ANALYZER_NUMBER_OBJECT_CONVERSION = YES_AGGRESSIVE;
				CLANG_CXX_LANGUAGE_STANDARD = "gnu++20";
				CLANG_ENABLE_MODULES = YES;
				CLANG_ENABLE_OBJC_ARC = YES;
				CLANG_ENABLE_OBJC_WEAK = YES;
				CLANG_WARN_BLOCK_CAPTURE_AUTORELEASING = YES;
				CLANG_WARN_BOOL_CONVERSION = YES;
				CLANG_WARN_COMMA = YES;
				CLANG_WARN_CONSTANT_CONVERSION = YES;
				CLANG_WARN_DEPRECATED_OBJC_IMPLEMENTATIONS = YES;
				CLANG_WARN_DIRECT_OBJC_ISA_USAGE = YES_ERROR;
				CLANG_WARN_DOCUMENTATION_COMMENTS = YES;
				CLANG_WARN_EMPTY_BODY = YES;
				CLANG_WARN_ENUM_CONVERSION = YES;
				CLANG_WARN_INFINITE_RECURSION = YES;
				CLANG_WARN_INT_CONVERSION = YES;
				CLANG_WARN_NON_LITERAL_NULL_CONVERSION = YES;
				CLANG_WARN_OBJC_IMPLICIT_RETAIN_SELF = YES;
				CLANG_WARN_OBJC_LITERAL_CONVERSION = YES;
				CLANG_WARN_OBJC_ROOT_CLASS = YES_ERROR;
				CLANG_WARN_QUOTED_INCLUDE_IN_FRAMEWORK_HEADER = YES;
				CLANG_WARN_RANGE_LOOP_ANALYSIS = YES;
				CLANG_WARN_STRICT_PROTOTYPES = YES;
				CLANG_WARN_SUSPICIOUS_MOVE = YES;
				CLANG_WARN_UNGUARDED_AVAILABILITY = YES_AGGRESSIVE;
				CLANG_WARN_UNREACHABLE_CODE = YES;
				CLANG_WARN__DUPLICATE_METHOD_MATCH = YES;
				COPY_PHASE_STRIP = NO;
				DEBUG_INFORMATION_FORMAT = dwarf;
				ENABLE_STRICT_OBJC_MSGSEND = YES;
				ENABLE_TESTABILITY = YES;
				GCC_C_LANGUAGE_STANDARD = gnu11;
				GCC_DYNAMIC_NO_PIC = NO;
				GCC_NO_COMMON_BLOCKS = YES;
				GCC_OPTIMIZATION_LEVEL = 0;
				GCC_PREPROCESSOR_DEFINITIONS = (
					"DEBUG=1",
					"$(inherited)",
				);
				GCC_WARN_64_TO_32_BIT_CONVERSION = YES;
				GCC_WARN_ABOUT_RETURN_TYPE = YES_ERROR;
				GCC_WARN_UNDECLARED_SELECTOR = YES;
				GCC_WARN_UNINITIALIZED_AUTOS = YES_AGGRESSIVE;
				GCC_WARN_UNUSED_FUNCTION = YES;
				GCC_WARN_UNUSED_VARIABLE = YES;
				IPHONEOS_DEPLOYMENT_TARGET = 16.2;
				MTL_ENABLE_DEBUG_INFO = INCLUDE_SOURCE;
				MTL_FAST_MATH = YES;
				ONLY_ACTIVE_ARCH = YES;
				SDKROOT = iphoneos;
				SWIFT_ACTIVE_COMPILATION_CONDITIONS = DEBUG;
				SWIFT_OPTIMIZATION_LEVEL = "-Onone";
			};
			name = Debug;
		};
		D42FFED029ADC06E009AB54D /* Release */ = {
			isa = XCBuildConfiguration;
			buildSettings = {
				ALWAYS_SEARCH_USER_PATHS = NO;
				CLANG_ANALYZER_NONNULL = YES;
				CLANG_ANALYZER_NUMBER_OBJECT_CONVERSION = YES_AGGRESSIVE;
				CLANG_CXX_LANGUAGE_STANDARD = "gnu++20";
				CLANG_ENABLE_MODULES = YES;
				CLANG_ENABLE_OBJC_ARC = YES;
				CLANG_ENABLE_OBJC_WEAK = YES;
				CLANG_WARN_BLOCK_CAPTURE_AUTORELEASING = YES;
				CLANG_WARN_BOOL_CONVERSION = YES;
				CLANG_WARN_COMMA = YES;
				CLANG_WARN_CONSTANT_CONVERSION = YES;
				CLANG_WARN_DEPRECATED_OBJC_IMPLEMENTATIONS = YES;
				CLANG_WARN_DIRECT_OBJC_ISA_USAGE = YES_ERROR;
				CLANG_WARN_DOCUMENTATION_COMMENTS = YES;
				CLANG_WARN_EMPTY_BODY = YES;
				CLANG_WARN_ENUM_CONVERSION = YES;
				CLANG_WARN_INFINITE_RECURSION = YES;
				CLANG_WARN_INT_CONVERSION = YES;
				CLANG_WARN_NON_LITERAL_NULL_CONVERSION = YES;
				CLANG_WARN_OBJC_IMPLICIT_RETAIN_SELF = YES;
				CLANG_WARN_OBJC_LITERAL_CONVERSION = YES;
				CLANG_WARN_OBJC_ROOT_CLASS = YES_ERROR;
				CLANG_WARN_QUOTED_INCLUDE_IN_FRAMEWORK_HEADER = YES;
				CLANG_WARN_RANGE_LOOP_ANALYSIS = YES;
				CLANG_WARN_STRICT_PROTOTYPES = YES;
				CLANG_WARN_SUSPICIOUS_MOVE = YES;
				CLANG_WARN_UNGUARDED_AVAILABILITY = YES_AGGRESSIVE;
				CLANG_WARN_UNREACHABLE_CODE = YES;
				CLANG_WARN__DUPLICATE_METHOD_MATCH = YES;
				COPY_PHASE_STRIP = NO;
				DEBUG_INFORMATION_FORMAT = "dwarf-with-dsym";
				ENABLE_NS_ASSERTIONS = NO;
				ENABLE_STRICT_OBJC_MSGSEND = YES;
				GCC_C_LANGUAGE_STANDARD = gnu11;
				GCC_NO_COMMON_BLOCKS = YES;
				GCC_WARN_64_TO_32_BIT_CONVERSION = YES;
				GCC_WARN_ABOUT_RETURN_TYPE = YES_ERROR;
				GCC_WARN_UNDECLARED_SELECTOR = YES;
				GCC_WARN_UNINITIALIZED_AUTOS = YES_AGGRESSIVE;
				GCC_WARN_UNUSED_FUNCTION = YES;
				GCC_WARN_UNUSED_VARIABLE = YES;
				IPHONEOS_DEPLOYMENT_TARGET = 16.2;
				MTL_ENABLE_DEBUG_INFO = NO;
				MTL_FAST_MATH = YES;
				SDKROOT = iphoneos;
				SWIFT_COMPILATION_MODE = wholemodule;
				SWIFT_OPTIMIZATION_LEVEL = "-O";
				VALIDATE_PRODUCT = YES;
			};
			name = Release;
		};
		D42FFED229ADC06E009AB54D /* Debug */ = {
			isa = XCBuildConfiguration;
			buildSettings = {
				ASSETCATALOG_COMPILER_APPICON_NAME = AppIcon;
				ASSETCATALOG_COMPILER_GLOBAL_ACCENT_COLOR_NAME = AccentColor;
				CODE_SIGN_STYLE = Automatic;
				CURRENT_PROJECT_VERSION = 1;
				DEVELOPMENT_ASSET_PATHS = "\"SolarGram/Preview Content\"";
				DEVELOPMENT_TEAM = 25B3V8A5G3;
				ENABLE_PREVIEWS = YES;
				GENERATE_INFOPLIST_FILE = YES;
				INFOPLIST_KEY_UIApplicationSceneManifest_Generation = YES;
				INFOPLIST_KEY_UIApplicationSupportsIndirectInputEvents = YES;
				INFOPLIST_KEY_UILaunchScreen_Generation = YES;
				INFOPLIST_KEY_UISupportedInterfaceOrientations_iPad = "UIInterfaceOrientationPortrait UIInterfaceOrientationPortraitUpsideDown UIInterfaceOrientationLandscapeLeft UIInterfaceOrientationLandscapeRight";
				INFOPLIST_KEY_UISupportedInterfaceOrientations_iPhone = "UIInterfaceOrientationPortrait UIInterfaceOrientationLandscapeLeft UIInterfaceOrientationLandscapeRight";
				LD_RUNPATH_SEARCH_PATHS = (
					"$(inherited)",
					"@executable_path/Frameworks",
				);
				MARKETING_VERSION = 1.0;
				PRODUCT_BUNDLE_IDENTIFIER = com.example.SolarGram;
				PRODUCT_NAME = "$(TARGET_NAME)";
				SWIFT_EMIT_LOC_STRINGS = YES;
				SWIFT_VERSION = 5.0;
				TARGETED_DEVICE_FAMILY = "1,2";
			};
			name = Debug;
		};
		D42FFED329ADC06E009AB54D /* Release */ = {
			isa = XCBuildConfiguration;
			buildSettings = {
				ASSETCATALOG_COMPILER_APPICON_NAME = AppIcon;
				ASSETCATALOG_COMPILER_GLOBAL_ACCENT_COLOR_NAME = AccentColor;
				CODE_SIGN_STYLE = Automatic;
				CURRENT_PROJECT_VERSION = 1;
				DEVELOPMENT_ASSET_PATHS = "\"SolarGram/Preview Content\"";
				DEVELOPMENT_TEAM = 25B3V8A5G3;
				ENABLE_PREVIEWS = YES;
				GENERATE_INFOPLIST_FILE = YES;
				INFOPLIST_KEY_UIApplicationSceneManifest_Generation = YES;
				INFOPLIST_KEY_UIApplicationSupportsIndirectInputEvents = YES;
				INFOPLIST_KEY_UILaunchScreen_Generation = YES;
				INFOPLIST_KEY_UISupportedInterfaceOrientations_iPad = "UIInterfaceOrientationPortrait UIInterfaceOrientationPortraitUpsideDown UIInterfaceOrientationLandscapeLeft UIInterfaceOrientationLandscapeRight";
				INFOPLIST_KEY_UISupportedInterfaceOrientations_iPhone = "UIInterfaceOrientationPortrait UIInterfaceOrientationLandscapeLeft UIInterfaceOrientationLandscapeRight";
				LD_RUNPATH_SEARCH_PATHS = (
					"$(inherited)",
					"@executable_path/Frameworks",
				);
				MARKETING_VERSION = 1.0;
				PRODUCT_BUNDLE_IDENTIFIER = com.example.SolarGram;
				PRODUCT_NAME = "$(TARGET_NAME)";
				SWIFT_EMIT_LOC_STRINGS = YES;
				SWIFT_VERSION = 5.0;
				TARGETED_DEVICE_FAMILY = "1,2";
			};
			name = Release;
		};
/* End XCBuildConfiguration section */

/* Begin XCConfigurationList section */
		D42FFEBE29ADC06C009AB54D /* Build configuration list for PBXProject "SolarGram" */ = {
			isa = XCConfigurationList;
			buildConfigurations = (
				D42FFECF29ADC06E009AB54D /* Debug */,
				D42FFED029ADC06E009AB54D /* Release */,
			);
			defaultConfigurationIsVisible = 0;
			defaultConfigurationName = Release;
		};
		D42FFED129ADC06E009AB54D /* Build configuration list for PBXNativeTarget "SolarGram" */ = {
			isa = XCConfigurationList;
			buildConfigurations = (
				D42FFED229ADC06E009AB54D /* Debug */,
				D42FFED329ADC06E009AB54D /* Release */,
			);
			defaultConfigurationIsVisible = 0;
			defaultConfigurationName = Release;
		};
/* End XCConfigurationList section */
	};
	rootObject = D42FFEBB29ADC06C009AB54D /* Project object */;
}
